schema: '2.0'
stages:
  raw_descriptives:
    cmd: papermill pipeline/01-basic_descriptives.ipynb reports/notebooks/01-basic_descriptives.ipynb
    deps:
    - path: data/raw/
      hash: md5
      md5: 8ddad17a20060e3aba36b26102bf8da3.dir
      size: 812969
      nfiles: 2
    - path: pipeline/01-basic_descriptives.ipynb
      hash: md5
      md5: 6390b40fd52fb63252ee5506514eab2b
      size: 7100
    - path: src/load.py
      hash: md5
      md5: 1207247f3e1d305f3860525878b27214
      size: 536
    outs:
    - path: reports/notebooks/01-basic_descriptives.ipynb
      hash: md5
      md5: e1a05790da5743da1f4cbeb17f6d7bd7
      size: 9476
    - path: reports/tables/raw_descriptives.csv
      hash: md5
      md5: d2dd9e44e03709237ed655629fa291f6
      size: 1029
  run_model:
    cmd: Rscript pipeline/03-run_model.R
    deps:
    - path: data/interim/interim.parquet
      hash: md5
      md5: 5c2c73e0176bd9b1b22fb0633594c5c2
      size: 825839
    - path: pipeline/03-run_model.R
      hash: md5
      md5: 3e168a8cc3050702db490dc9f848bd31
      size: 250
    outs:
    - path: data/models/model.RDS
      hash: md5
      md5: 71fdfe10222f666090a7bf156afa73c8
      size: 1234406
  preprocess:
    cmd: python pipeline/02-preprocess.py
    deps:
    - path: data/raw
      hash: md5
      md5: 8ddad17a20060e3aba36b26102bf8da3.dir
      size: 812969
      nfiles: 2
    - path: pipeline/02-preprocess.py
      hash: md5
      md5: 12b943a5bf08623f04535a039c901d3e
      size: 357
    outs:
    - path: data/interim/interim.parquet
      hash: md5
      md5: 5c2c73e0176bd9b1b22fb0633594c5c2
      size: 825839
  plot_results:
    cmd: Rscript -e "rmarkdown::render('pipeline/04-plot_results.Rmd', 'html_document',
      '../reports/notebooks/04-plot_results.html')"
    deps:
    - path: data/models/model.RDS
      hash: md5
      md5: 71fdfe10222f666090a7bf156afa73c8
      size: 1234406
    - path: pipeline/04-plot_results.Rmd
      hash: md5
      md5: cbfcaaaad557b96286f403489f9ec637
      size: 1093
    outs:
    - path: reports/figures/residuals.svg
      hash: md5
      md5: 52557c244a719b87d41fa234a29b28e7
      size: 1799993
    - path: reports/notebooks/04-plot_results.html
      hash: md5
      md5: 98a811b2918b7e434df2e90da8577e40
      size: 727950
    - path: reports/tables/regression_table.tex
      hash: md5
      md5: c0b30112b73a8c442c85acc02696458c
      size: 868
