schema: '2.0'
stages:
  raw_descriptives:
    cmd: papermill pipeline/01-basic_descriptives.ipynb reports/notebooks/01-basic_descriptives.ipynb
    deps:
    - path: data/raw/
      hash: md5
      md5: 8ddad17a20060e3aba36b26102bf8da3.dir
      size: 812969
      nfiles: 2
    - path: pipeline/01-basic_descriptives.ipynb
      hash: md5
      md5: 6390b40fd52fb63252ee5506514eab2b
      size: 7100
    - path: src/load.py
      hash: md5
      md5: 1207247f3e1d305f3860525878b27214
      size: 536
    outs:
    - path: reports/notebooks/01-basic_descriptives.ipynb
      hash: md5
      md5: e1a05790da5743da1f4cbeb17f6d7bd7
      size: 9476
    - path: reports/tables/raw_descriptives.csv
      hash: md5
      md5: d2dd9e44e03709237ed655629fa291f6
      size: 1029
  run_model:
    cmd: Rscript pipeline/03-run_model.R
    deps:
    - path: data/interim/interim.parquet
      hash: md5
      md5: 2347fb624723b5c6f95f68eedeab23ef
      size: 826062
    - path: pipeline/03-run_model.R
      hash: md5
      md5: 3e168a8cc3050702db490dc9f848bd31
      size: 250
    outs:
    - path: data/models/model.RDS
      hash: md5
      md5: dd5e0cc243c419a2361b25792691a96d
      size: 1225382
  preprocess:
    cmd: python pipeline/02-preprocess.py
    deps:
    - path: data/raw
      hash: md5
      md5: 8ddad17a20060e3aba36b26102bf8da3.dir
      size: 812969
      nfiles: 2
    - path: pipeline/02-preprocess.py
      hash: md5
      md5: 626b4d0c8b3ca97607b116aed8819417
      size: 355
    outs:
    - path: data/interim/interim.parquet
      hash: md5
      md5: 2347fb624723b5c6f95f68eedeab23ef
      size: 826062
  plot_results:
    cmd: Rscript -e "rmarkdown::render('pipeline/04-plot_results.Rmd', 'html_document',
      '../reports/notebooks/04-plot_results.html')"
    deps:
    - path: data/models/model.RDS
      hash: md5
      md5: dd5e0cc243c419a2361b25792691a96d
      size: 1225382
    - path: pipeline/04-plot_results.Rmd
      hash: md5
      md5: cbfcaaaad557b96286f403489f9ec637
      size: 1093
    outs:
    - path: reports/figures/residuals.svg
      hash: md5
      md5: badd296b1b52d9087761fa3685297a91
      size: 1799983
    - path: reports/notebooks/04-plot_results.html
      hash: md5
      md5: 9aa29cb69c0b46bec5fac8b0b5f0b504
      size: 760344
    - path: reports/tables/regression_table.tex
      hash: md5
      md5: 6ed57f93e1625d4b3a9cee9a3b68d5df
      size: 866
